
Microsoft Visual Studio Solution File, Format Version 12.00
# Visual Studio 15
VisualStudioVersion = 15.0.27428.1
MinimumVisualStudioVersion = 10.0.40219.1
Project("{FAE04EC0-301F-11D3-BF4B-00C04F79EFBC}") = "TodoBoard", "TodoBoard\TodoBoard.csproj", "{9DAE7C43-0781-4914-B7BC-0623C3313C5D}"
EndProject
Global
	GlobalSection(SolutionConfigurationPlatforms) = preSolution
		Debug|Any CPU = Debug|Any CPU
		Release|Any CPU = Release|Any CPU
	EndGlobalSection
	GlobalSection(ProjectConfigurationPlatforms) = postSolution
		{9DAE7C43-0781-4914-B7BC-0623C3313C5D}.Debug|Any CPU.ActiveCfg = Debug|Any CPU
		{9DAE7C43-0781-4914-B7BC-0623C3313C5D}.Debug|Any CPU.Build.0 = Debug|Any CPU
		{9DAE7C43-0781-4914-B7BC-0623C3313C5D}.Release|Any CPU.ActiveCfg = Release|Any CPU
		{9DAE7C43-0781-4914-B7BC-0623C3313C5D}.Release|Any CPU.Build.0 = Release|Any CPU
	EndGlobalSection
	GlobalSection(SolutionProperties) = preSolution
		HideSolutionNode = FALSE
	EndGlobalSection
	GlobalSection(ExtensibilityGlobals) = postSolution
		SolutionGuid = {BBF35E19-F7C2-4FF0-9303-80BC2FC65464}
	EndGlobalSection
EndGlobal
